
Microsoft Visual Studio Solution File, Format Version 12.00
# Visual Studio Version 17
VisualStudioVersion = 17.9.34728.123
MinimumVisualStudioVersion = 10.0.40219.1
Project("{9A19103F-16F7-4668-BE54-9A1E7A4F7556}") = "CommonCommitLogicDNet8", "STAGINGSYSTEM_Share\CommonCommitLogic\CommonCommitLogicDNet8.csproj", "{1159FC88-41E4-4F88-BA66-3A045C027DB0}"
EndProject
Project("{9A19103F-16F7-4668-BE54-9A1E7A4F7556}") = "CommonTicketClassLibraryDNet8", "STAGINGSYSTEM_Share\CommonTicketClassLibrary\CommonTicketClassLibraryDNet8.csproj", "{F1726255-75E5-4129-A1F0-DDCC73E6E3D1}"
EndProject
Project("{9A19103F-16F7-4668-BE54-9A1E7A4F7556}") = "DefineCOMDS.DNet8", "STAGINGSYSTEM_Share\DefineCOMDS\DefineCOMDS.DNet8.csproj", "{920E4898-5862-4601-9CA4-D98BAA04DBA3}"
EndProject
Project("{9A19103F-16F7-4668-BE54-9A1E7A4F7556}") = "GenerateTIFFdrawingDNet8", "STAGINGSYSTEM_Share\GenerateTIFFdrawing\GenerateTIFFdrawingDNet8.csproj", "{39E8EF72-A71F-4A44-ABBA-010D181E5783}"
EndProject
Project("{9A19103F-16F7-4668-BE54-9A1E7A4F7556}") = "MailNoticeDNet8", "STAGINGSYSTEM_Share\MailNotice\MailNoticeDNet8.csproj", "{6F60C0D5-A5AD-4B6E-8974-4544426311B5}"
EndProject
Project("{9A19103F-16F7-4668-BE54-9A1E7A4F7556}") = "OSCommandExecutionSupportDNet8", "STAGINGSYSTEM_Share\OSCommandExecutionSupport\OSCommandExecutionSupportDNet8.csproj", "{CF5A2AA0-4D6E-484D-97CF-E90D48A4CA5E}"
EndProject
Project("{9A19103F-16F7-4668-BE54-9A1E7A4F7556}") = "StageServerPrinterServiceDNet8", "STAGINGSYSTEM_Share\StageServerPrinterService\StageServerPrinterServiceDNet8.csproj", "{2BEC020B-F998-4880-A756-292AAEC81825}"
EndProject
Project("{9A19103F-16F7-4668-BE54-9A1E7A4F7556}") = "RemoteClientDNet8", "STAGINGSYSTEM_Share\RemoteClient\RemoteClientDNet8.csproj", "{66AB9A02-40C3-42B4-827F-A617E68FAADB}"
EndProject
Project("{9A19103F-16F7-4668-BE54-9A1E7A4F7556}") = "RemoteClientCADtypeDNet8", "STAGINGSYSTEM_Share\RemoteClientCADtype\RemoteClientCADtypeDNet8.csproj", "{E56AED0A-8411-4BC8-9EBF-060F6AA75703}"
EndProject
Project("{9A19103F-16F7-4668-BE54-9A1E7A4F7556}") = "RemoteObjectsDNet8", "STAGINGSYSTEM_Share\RemoteObjects\RemoteObjectsDNet8.csproj", "{17568CEA-C4B4-42DA-AF89-1A8DD12CB9D5}"
EndProject
Project("{9A19103F-16F7-4668-BE54-9A1E7A4F7556}") = "SharedClassLibraryDNet8", "STAGINGSYSTEM_Share\SharedClassLibrary\SharedClassLibraryDNet8.csproj", "{17EF3D2D-E27B-4671-B39C-D23F6151DE31}"
EndProject
Project("{9A19103F-16F7-4668-BE54-9A1E7A4F7556}") = "StageServerConfigDNet8", "STAGINGSYSTEM_Share\StageServerConfig\StageServerConfigDNet8.csproj", "{5C82CCAF-6CAD-4DE3-ADE4-DA76081437E0}"
EndProject
Project("{9A19103F-16F7-4668-BE54-9A1E7A4F7556}") = "StageServerCommonDNet8", "STAGINGSYSTEM_Share\StageServerCommon\StageServerCommonDNet8.csproj", "{30D8CF9A-7D95-40EC-919C-0707AD6BACB7}"
EndProject
Project("{9A19103F-16F7-4668-BE54-9A1E7A4F7556}") = "StampProcessDNet8", "STAGINGSYSTEM_Share\StampProcess\StampProcessDNet8.csproj", "{63FCA8D1-A0BB-447F-A341-A4BBCFCAF713}"
EndProject
Project("{2150E333-8FDC-42A3-9474-1A3956D46DE8}") = "02.STAGINGSYSTEM_Share.DNet8", "02.STAGINGSYSTEM_Share.DNet8", "{037EBF8C-9FC1-4032-832E-F4ED82E13082}"
EndProject
Project("{9A19103F-16F7-4668-BE54-9A1E7A4F7556}") = "SasaLibDNet8", "..\SasaLibDNet8\SasaLibDNet8\SasaLibDNet8.csproj", "{8BE14356-60C6-4AAB-BC0E-96E2D06CB30C}"
EndProject
Project("{2150E333-8FDC-42A3-9474-1A3956D46DE8}") = "01.SasaLib", "01.SasaLib", "{55E0203E-0F67-45AF-AAEE-DB49A87C0FBD}"
EndProject
Project("{FAE04EC0-301F-11D3-BF4B-00C04F79EFBC}") = "SasaLib.DelegateWriteLine", "..\SasaLibTestFrame\SasaLib.DelegateWriteLine\SasaLib.DelegateWriteLine.csproj", "{15E1860D-7F25-4592-BA35-DC2ED26FA221}"
EndProject
Project("{9A19103F-16F7-4668-BE54-9A1E7A4F7556}") = "SasaLibDNet8.ArcSuitePreview", "..\SasaLibDNet8\SasaLibDNet8.ArcSuitePreview\SasaLibDNet8.ArcSuitePreview.csproj", "{F9F67E53-EA93-4968-A446-03F6EB0EDD0B}"
EndProject
Project("{9A19103F-16F7-4668-BE54-9A1E7A4F7556}") = "SasaLibDNet8.Barcode", "..\SasaLibDNet8\SasaLibDNet8.Barcode\SasaLibDNet8.Barcode.csproj", "{3DF6CD7B-3187-49E9-9EAE-47BCEA80B84C}"
EndProject
Project("{9A19103F-16F7-4668-BE54-9A1E7A4F7556}") = "SasaLibDNet8.MSIDLL", "..\SasaLibDNet8\SasaLibDNet8.MSIDLL\SasaLibDNet8.MSIDLL.csproj", "{AF5F071A-BACB-401F-AF72-8D08B522CDEE}"
EndProject
Project("{9A19103F-16F7-4668-BE54-9A1E7A4F7556}") = "SasaLibDNet8.MySQLConnect", "..\SasaLibDNet8\SasaLibDNet8.MySQLConnect\SasaLibDNet8.MySQLConnect.csproj", "{60F4E93E-CF55-484D-AB9C-50FB1D03DD52}"
EndProject
Project("{9A19103F-16F7-4668-BE54-9A1E7A4F7556}") = "SasaLibDNet8.NumberingSupport", "..\SasaLibDNet8\SasaLibDNet8.NumberingSupport\SasaLibDNet8.NumberingSupport.csproj", "{89C74189-EE5E-44D5-9FDF-9550AD88A8CF}"
EndProject
Project("{9A19103F-16F7-4668-BE54-9A1E7A4F7556}") = "SasaLibDNet8.SysConfigurator", "..\SasaLibDNet8\SasaLibDNet8.SysConfigurator\SasaLibDNet8.SysConfigurator.csproj", "{70461995-4EFB-4F3D-9AE1-C3905BA6A58D}"
EndProject
Project("{9A19103F-16F7-4668-BE54-9A1E7A4F7556}") = "SasaLibDNet8.VariableControlPipeServer", "..\SasaLibDNet8\SasaLibDNet8.VariableControlPipeServer\SasaLibDNet8.VariableControlPipeServer.csproj", "{3EB185DB-DE93-42BB-840D-31AAFF979797}"
EndProject
Project("{9A19103F-16F7-4668-BE54-9A1E7A4F7556}") = "SaSaLibDNet8TestAPP", "..\SasaLibDNet8\SaSaLibDnet8TestApp\SaSaLibDNet8TestAPP.csproj", "{285B706D-F27A-4A0D-BA94-0401F7CCEF01}"
EndProject
Project("{9A19103F-16F7-4668-BE54-9A1E7A4F7556}") = "TitleFieldPositionDNet8", "STAGINGSYSTEM_Share\TitleFieldPosition\TitleFieldPositionDNet8.csproj", "{FAEB4090-6D2A-4CD4-8343-BD667FB8836C}"
EndProject
Project("{D954291E-2A0B-460D-934E-DC6B0785DB48}") = "STAGINGSYSTEM_Share.AssemblyInfo", "STAGINGSYSTEM_Share\STAGINGSYSTEM_Share.AssemblyInfo\STAGINGSYSTEM_Share.AssemblyInfo\STAGINGSYSTEM_Share.AssemblyInfo.shproj", "{5450B106-83A6-4F83-8650-388A9487F691}"
EndProject
Project("{D954291E-2A0B-460D-934E-DC6B0785DB48}") = "SasaLibDNet8_AssemblyInfo", "..\SasaLibDNet8\SasaLibDNet8_AssemblyInfo\SasaLibDNet8_AssemblyInfo.shproj", "{2CEA5067-2CB0-4197-940A-3FF57CC55849}"
EndProject
Project("{2150E333-8FDC-42A3-9474-1A3956D46DE8}") = "メインプログラム", "メインプログラム", "{BB6F1E2B-9D87-4928-8ACB-4EED1875D67F}"
EndProject
Project("{2150E333-8FDC-42A3-9474-1A3956D46DE8}") = "クライアントアプリ", "クライアントアプリ", "{4A29BB97-3155-447A-B352-7808B96075FE}"
EndProject
Project("{9A19103F-16F7-4668-BE54-9A1E7A4F7556}") = "サービスコントロールセンターDNet8", "クライアントアプリ\サーバーコントロールセンター\サービスコントロールセンターDNet8.csproj", "{FC0D135B-63E6-4876-B807-AD185613D898}"
EndProject
Project("{FAE04EC0-301F-11D3-BF4B-00C04F79EFBC}") = "FieldValueSet", "..\TOYOSTAGINGSYSTEM\STAGINGSYSTEM_Share\FieldValueSet\FieldValueSet.csproj", "{DA8719C0-7CF0-484F-B5A6-0B38E2C70072}"
EndProject
Project("{9A19103F-16F7-4668-BE54-9A1E7A4F7556}") = "SQLSearchConditonsCreateDBNet8", "STAGINGSYSTEM_Share\SQLSearchConditonsCreate\SQLSearchConditonsCreateDBNet8.csproj", "{D1073A28-8C6F-4D00-89B9-F8D5DE789865}"
EndProject
Project("{2150E333-8FDC-42A3-9474-1A3956D46DE8}") = ".NET Framework", ".NET Framework", "{E65C2EA3-7361-41F4-9309-83E502449CD7}"
EndProject
Project("{2150E333-8FDC-42A3-9474-1A3956D46DE8}") = ".NET Framework", ".NET Framework", "{B53E81B4-E54F-460D-96FE-4C83AB9C77FE}"
EndProject
Project("{9A19103F-16F7-4668-BE54-9A1E7A4F7556}") = "SasaLibDNet8.PictureBoxControlLibrary", "..\SasaLibDNet8\SasaLibDNet8.PictureBoxControlLibrary\SasaLibDNet8.PictureBoxControlLibrary.csproj", "{63EB64A1-25DC-4781-80E0-DA1286F29732}"
EndProject
Global
	GlobalSection(SolutionConfigurationPlatforms) = preSolution
		Debug|Any CPU = Debug|Any CPU
		Debug|x64 = Debug|x64
		Release|Any CPU = Release|Any CPU
		Release|x64 = Release|x64
	EndGlobalSection
	GlobalSection(ProjectConfigurationPlatforms) = postSolution
		{1159FC88-41E4-4F88-BA66-3A045C027DB0}.Debug|Any CPU.ActiveCfg = Debug|Any CPU
		{1159FC88-41E4-4F88-BA66-3A045C027DB0}.Debug|Any CPU.Build.0 = Debug|Any CPU
		{1159FC88-41E4-4F88-BA66-3A045C027DB0}.Debug|x64.ActiveCfg = Debug|Any CPU
		{1159FC88-41E4-4F88-BA66-3A045C027DB0}.Debug|x64.Build.0 = Debug|Any CPU
		{1159FC88-41E4-4F88-BA66-3A045C027DB0}.Release|Any CPU.ActiveCfg = Release|Any CPU
		{1159FC88-41E4-4F88-BA66-3A045C027DB0}.Release|Any CPU.Build.0 = Release|Any CPU
		{1159FC88-41E4-4F88-BA66-3A045C027DB0}.Release|x64.ActiveCfg = Release|Any CPU
		{1159FC88-41E4-4F88-BA66-3A045C027DB0}.Release|x64.Build.0 = Release|Any CPU
		{F1726255-75E5-4129-A1F0-DDCC73E6E3D1}.Debug|Any CPU.ActiveCfg = Debug|Any CPU
		{F1726255-75E5-4129-A1F0-DDCC73E6E3D1}.Debug|Any CPU.Build.0 = Debug|Any CPU
		{F1726255-75E5-4129-A1F0-DDCC73E6E3D1}.Debug|x64.ActiveCfg = Debug|Any CPU
		{F1726255-75E5-4129-A1F0-DDCC73E6E3D1}.Debug|x64.Build.0 = Debug|Any CPU
		{F1726255-75E5-4129-A1F0-DDCC73E6E3D1}.Release|Any CPU.ActiveCfg = Release|Any CPU
		{F1726255-75E5-4129-A1F0-DDCC73E6E3D1}.Release|Any CPU.Build.0 = Release|Any CPU
		{F1726255-75E5-4129-A1F0-DDCC73E6E3D1}.Release|x64.ActiveCfg = Release|Any CPU
		{F1726255-75E5-4129-A1F0-DDCC73E6E3D1}.Release|x64.Build.0 = Release|Any CPU
		{920E4898-5862-4601-9CA4-D98BAA04DBA3}.Debug|Any CPU.ActiveCfg = Debug|Any CPU
		{920E4898-5862-4601-9CA4-D98BAA04DBA3}.Debug|Any CPU.Build.0 = Debug|Any CPU
		{920E4898-5862-4601-9CA4-D98BAA04DBA3}.Debug|x64.ActiveCfg = Debug|Any CPU
		{920E4898-5862-4601-9CA4-D98BAA04DBA3}.Debug|x64.Build.0 = Debug|Any CPU
		{920E4898-5862-4601-9CA4-D98BAA04DBA3}.Release|Any CPU.ActiveCfg = Release|Any CPU
		{920E4898-5862-4601-9CA4-D98BAA04DBA3}.Release|Any CPU.Build.0 = Release|Any CPU
		{920E4898-5862-4601-9CA4-D98BAA04DBA3}.Release|x64.ActiveCfg = Release|Any CPU
		{920E4898-5862-4601-9CA4-D98BAA04DBA3}.Release|x64.Build.0 = Release|Any CPU
		{39E8EF72-A71F-4A44-ABBA-010D181E5783}.Debug|Any CPU.ActiveCfg = Debug|Any CPU
		{39E8EF72-A71F-4A44-ABBA-010D181E5783}.Debug|Any CPU.Build.0 = Debug|Any CPU
		{39E8EF72-A71F-4A44-ABBA-010D181E5783}.Debug|x64.ActiveCfg = Debug|Any CPU
		{39E8EF72-A71F-4A44-ABBA-010D181E5783}.Debug|x64.Build.0 = Debug|Any CPU
		{39E8EF72-A71F-4A44-ABBA-010D181E5783}.Release|Any CPU.ActiveCfg = Release|Any CPU
		{39E8EF72-A71F-4A44-ABBA-010D181E5783}.Release|Any CPU.Build.0 = Release|Any CPU
		{39E8EF72-A71F-4A44-ABBA-010D181E5783}.Release|x64.ActiveCfg = Release|Any CPU
		{39E8EF72-A71F-4A44-ABBA-010D181E5783}.Release|x64.Build.0 = Release|Any CPU
		{6F60C0D5-A5AD-4B6E-8974-4544426311B5}.Debug|Any CPU.ActiveCfg = Debug|Any CPU
		{6F60C0D5-A5AD-4B6E-8974-4544426311B5}.Debug|Any CPU.Build.0 = Debug|Any CPU
		{6F60C0D5-A5AD-4B6E-8974-4544426311B5}.Debug|x64.ActiveCfg = Debug|Any CPU
		{6F60C0D5-A5AD-4B6E-8974-4544426311B5}.Debug|x64.Build.0 = Debug|Any CPU
		{6F60C0D5-A5AD-4B6E-8974-4544426311B5}.Release|Any CPU.ActiveCfg = Release|Any CPU
		{6F60C0D5-A5AD-4B6E-8974-4544426311B5}.Release|Any CPU.Build.0 = Release|Any CPU
		{6F60C0D5-A5AD-4B6E-8974-4544426311B5}.Release|x64.ActiveCfg = Release|Any CPU
		{6F60C0D5-A5AD-4B6E-8974-4544426311B5}.Release|x64.Build.0 = Release|Any CPU
		{CF5A2AA0-4D6E-484D-97CF-E90D48A4CA5E}.Debug|Any CPU.ActiveCfg = Debug|Any CPU
		{CF5A2AA0-4D6E-484D-97CF-E90D48A4CA5E}.Debug|Any CPU.Build.0 = Debug|Any CPU
		{CF5A2AA0-4D6E-484D-97CF-E90D48A4CA5E}.Debug|x64.ActiveCfg = Debug|Any CPU
		{CF5A2AA0-4D6E-484D-97CF-E90D48A4CA5E}.Debug|x64.Build.0 = Debug|Any CPU
		{CF5A2AA0-4D6E-484D-97CF-E90D48A4CA5E}.Release|Any CPU.ActiveCfg = Release|Any CPU
		{CF5A2AA0-4D6E-484D-97CF-E90D48A4CA5E}.Release|Any CPU.Build.0 = Release|Any CPU
		{CF5A2AA0-4D6E-484D-97CF-E90D48A4CA5E}.Release|x64.ActiveCfg = Release|Any CPU
		{CF5A2AA0-4D6E-484D-97CF-E90D48A4CA5E}.Release|x64.Build.0 = Release|Any CPU
		{2BEC020B-F998-4880-A756-292AAEC81825}.Debug|Any CPU.ActiveCfg = Debug|Any CPU
		{2BEC020B-F998-4880-A756-292AAEC81825}.Debug|Any CPU.Build.0 = Debug|Any CPU
		{2BEC020B-F998-4880-A756-292AAEC81825}.Debug|x64.ActiveCfg = Debug|Any CPU
		{2BEC020B-F998-4880-A756-292AAEC81825}.Debug|x64.Build.0 = Debug|Any CPU
		{2BEC020B-F998-4880-A756-292AAEC81825}.Release|Any CPU.ActiveCfg = Release|Any CPU
		{2BEC020B-F998-4880-A756-292AAEC81825}.Release|Any CPU.Build.0 = Release|Any CPU
		{2BEC020B-F998-4880-A756-292AAEC81825}.Release|x64.ActiveCfg = Release|Any CPU
		{2BEC020B-F998-4880-A756-292AAEC81825}.Release|x64.Build.0 = Release|Any CPU
		{66AB9A02-40C3-42B4-827F-A617E68FAADB}.Debug|Any CPU.ActiveCfg = Debug|Any CPU
		{66AB9A02-40C3-42B4-827F-A617E68FAADB}.Debug|Any CPU.Build.0 = Debug|Any CPU
		{66AB9A02-40C3-42B4-827F-A617E68FAADB}.Debug|x64.ActiveCfg = Debug|Any CPU
		{66AB9A02-40C3-42B4-827F-A617E68FAADB}.Debug|x64.Build.0 = Debug|Any CPU
		{66AB9A02-40C3-42B4-827F-A617E68FAADB}.Release|Any CPU.ActiveCfg = Release|Any CPU
		{66AB9A02-40C3-42B4-827F-A617E68FAADB}.Release|Any CPU.Build.0 = Release|Any CPU
		{66AB9A02-40C3-42B4-827F-A617E68FAADB}.Release|x64.ActiveCfg = Release|Any CPU
		{66AB9A02-40C3-42B4-827F-A617E68FAADB}.Release|x64.Build.0 = Release|Any CPU
		{E56AED0A-8411-4BC8-9EBF-060F6AA75703}.Debug|Any CPU.ActiveCfg = Debug|Any CPU
		{E56AED0A-8411-4BC8-9EBF-060F6AA75703}.Debug|Any CPU.Build.0 = Debug|Any CPU
		{E56AED0A-8411-4BC8-9EBF-060F6AA75703}.Debug|x64.ActiveCfg = Debug|Any CPU
		{E56AED0A-8411-4BC8-9EBF-060F6AA75703}.Debug|x64.Build.0 = Debug|Any CPU
		{E56AED0A-8411-4BC8-9EBF-060F6AA75703}.Release|Any CPU.ActiveCfg = Release|Any CPU
		{E56AED0A-8411-4BC8-9EBF-060F6AA75703}.Release|Any CPU.Build.0 = Release|Any CPU
		{E56AED0A-8411-4BC8-9EBF-060F6AA75703}.Release|x64.ActiveCfg = Release|Any CPU
		{E56AED0A-8411-4BC8-9EBF-060F6AA75703}.Release|x64.Build.0 = Release|Any CPU
		{17568CEA-C4B4-42DA-AF89-1A8DD12CB9D5}.Debug|Any CPU.ActiveCfg = Debug|Any CPU
		{17568CEA-C4B4-42DA-AF89-1A8DD12CB9D5}.Debug|Any CPU.Build.0 = Debug|Any CPU
		{17568CEA-C4B4-42DA-AF89-1A8DD12CB9D5}.Debug|x64.ActiveCfg = Debug|Any CPU
		{17568CEA-C4B4-42DA-AF89-1A8DD12CB9D5}.Debug|x64.Build.0 = Debug|Any CPU
		{17568CEA-C4B4-42DA-AF89-1A8DD12CB9D5}.Release|Any CPU.ActiveCfg = Release|Any CPU
		{17568CEA-C4B4-42DA-AF89-1A8DD12CB9D5}.Release|Any CPU.Build.0 = Release|Any CPU
		{17568CEA-C4B4-42DA-AF89-1A8DD12CB9D5}.Release|x64.ActiveCfg = Release|Any CPU
		{17568CEA-C4B4-42DA-AF89-1A8DD12CB9D5}.Release|x64.Build.0 = Release|Any CPU
		{17EF3D2D-E27B-4671-B39C-D23F6151DE31}.Debug|Any CPU.ActiveCfg = Debug|Any CPU
		{17EF3D2D-E27B-4671-B39C-D23F6151DE31}.Debug|Any CPU.Build.0 = Debug|Any CPU
		{17EF3D2D-E27B-4671-B39C-D23F6151DE31}.Debug|x64.ActiveCfg = Debug|Any CPU
		{17EF3D2D-E27B-4671-B39C-D23F6151DE31}.Debug|x64.Build.0 = Debug|Any CPU
		{17EF3D2D-E27B-4671-B39C-D23F6151DE31}.Release|Any CPU.ActiveCfg = Release|Any CPU
		{17EF3D2D-E27B-4671-B39C-D23F6151DE31}.Release|Any CPU.Build.0 = Release|Any CPU
		{17EF3D2D-E27B-4671-B39C-D23F6151DE31}.Release|x64.ActiveCfg = Release|Any CPU
		{17EF3D2D-E27B-4671-B39C-D23F6151DE31}.Release|x64.Build.0 = Release|Any CPU
		{5C82CCAF-6CAD-4DE3-ADE4-DA76081437E0}.Debug|Any CPU.ActiveCfg = Debug|Any CPU
		{5C82CCAF-6CAD-4DE3-ADE4-DA76081437E0}.Debug|Any CPU.Build.0 = Debug|Any CPU
		{5C82CCAF-6CAD-4DE3-ADE4-DA76081437E0}.Debug|x64.ActiveCfg = Debug|Any CPU
		{5C82CCAF-6CAD-4DE3-ADE4-DA76081437E0}.Debug|x64.Build.0 = Debug|Any CPU
		{5C82CCAF-6CAD-4DE3-ADE4-DA76081437E0}.Release|Any CPU.ActiveCfg = Release|Any CPU
		{5C82CCAF-6CAD-4DE3-ADE4-DA76081437E0}.Release|Any CPU.Build.0 = Release|Any CPU
		{5C82CCAF-6CAD-4DE3-ADE4-DA76081437E0}.Release|x64.ActiveCfg = Release|Any CPU
		{5C82CCAF-6CAD-4DE3-ADE4-DA76081437E0}.Release|x64.Build.0 = Release|Any CPU
		{30D8CF9A-7D95-40EC-919C-0707AD6BACB7}.Debug|Any CPU.ActiveCfg = Debug|Any CPU
		{30D8CF9A-7D95-40EC-919C-0707AD6BACB7}.Debug|Any CPU.Build.0 = Debug|Any CPU
		{30D8CF9A-7D95-40EC-919C-0707AD6BACB7}.Debug|x64.ActiveCfg = Debug|Any CPU
		{30D8CF9A-7D95-40EC-919C-0707AD6BACB7}.Debug|x64.Build.0 = Debug|Any CPU
		{30D8CF9A-7D95-40EC-919C-0707AD6BACB7}.Release|Any CPU.ActiveCfg = Release|Any CPU
		{30D8CF9A-7D95-40EC-919C-0707AD6BACB7}.Release|Any CPU.Build.0 = Release|Any CPU
		{30D8CF9A-7D95-40EC-919C-0707AD6BACB7}.Release|x64.ActiveCfg = Release|Any CPU
		{30D8CF9A-7D95-40EC-919C-0707AD6BACB7}.Release|x64.Build.0 = Release|Any CPU
		{63FCA8D1-A0BB-447F-A341-A4BBCFCAF713}.Debug|Any CPU.ActiveCfg = Debug|Any CPU
		{63FCA8D1-A0BB-447F-A341-A4BBCFCAF713}.Debug|Any CPU.Build.0 = Debug|Any CPU
		{63FCA8D1-A0BB-447F-A341-A4BBCFCAF713}.Debug|x64.ActiveCfg = Debug|Any CPU
		{63FCA8D1-A0BB-447F-A341-A4BBCFCAF713}.Debug|x64.Build.0 = Debug|Any CPU
		{63FCA8D1-A0BB-447F-A341-A4BBCFCAF713}.Release|Any CPU.ActiveCfg = Release|Any CPU
		{63FCA8D1-A0BB-447F-A341-A4BBCFCAF713}.Release|Any CPU.Build.0 = Release|Any CPU
		{63FCA8D1-A0BB-447F-A341-A4BBCFCAF713}.Release|x64.ActiveCfg = Release|Any CPU
		{63FCA8D1-A0BB-447F-A341-A4BBCFCAF713}.Release|x64.Build.0 = Release|Any CPU
		{8BE14356-60C6-4AAB-BC0E-96E2D06CB30C}.Debug|Any CPU.ActiveCfg = Debug|Any CPU
		{8BE14356-60C6-4AAB-BC0E-96E2D06CB30C}.Debug|Any CPU.Build.0 = Debug|Any CPU
		{8BE14356-60C6-4AAB-BC0E-96E2D06CB30C}.Debug|x64.ActiveCfg = Debug|x64
		{8BE14356-60C6-4AAB-BC0E-96E2D06CB30C}.Debug|x64.Build.0 = Debug|x64
		{8BE14356-60C6-4AAB-BC0E-96E2D06CB30C}.Release|Any CPU.ActiveCfg = Release|Any CPU
		{8BE14356-60C6-4AAB-BC0E-96E2D06CB30C}.Release|Any CPU.Build.0 = Release|Any CPU
		{8BE14356-60C6-4AAB-BC0E-96E2D06CB30C}.Release|x64.ActiveCfg = Release|x64
		{8BE14356-60C6-4AAB-BC0E-96E2D06CB30C}.Release|x64.Build.0 = Release|x64
		{15E1860D-7F25-4592-BA35-DC2ED26FA221}.Debug|Any CPU.ActiveCfg = Debug|Any CPU
		{15E1860D-7F25-4592-BA35-DC2ED26FA221}.Debug|Any CPU.Build.0 = Debug|Any CPU
		{15E1860D-7F25-4592-BA35-DC2ED26FA221}.Debug|x64.ActiveCfg = Debug|x64
		{15E1860D-7F25-4592-BA35-DC2ED26FA221}.Debug|x64.Build.0 = Debug|x64
		{15E1860D-7F25-4592-BA35-DC2ED26FA221}.Release|Any CPU.ActiveCfg = Release|Any CPU
		{15E1860D-7F25-4592-BA35-DC2ED26FA221}.Release|Any CPU.Build.0 = Release|Any CPU
		{15E1860D-7F25-4592-BA35-DC2ED26FA221}.Release|x64.ActiveCfg = Release|x64
		{15E1860D-7F25-4592-BA35-DC2ED26FA221}.Release|x64.Build.0 = Release|x64
		{F9F67E53-EA93-4968-A446-03F6EB0EDD0B}.Debug|Any CPU.ActiveCfg = Debug|Any CPU
		{F9F67E53-EA93-4968-A446-03F6EB0EDD0B}.Debug|Any CPU.Build.0 = Debug|Any CPU
		{F9F67E53-EA93-4968-A446-03F6EB0EDD0B}.Debug|x64.ActiveCfg = Debug|x64
		{F9F67E53-EA93-4968-A446-03F6EB0EDD0B}.Debug|x64.Build.0 = Debug|x64
		{F9F67E53-EA93-4968-A446-03F6EB0EDD0B}.Release|Any CPU.ActiveCfg = Release|Any CPU
		{F9F67E53-EA93-4968-A446-03F6EB0EDD0B}.Release|Any CPU.Build.0 = Release|Any CPU
		{F9F67E53-EA93-4968-A446-03F6EB0EDD0B}.Release|x64.ActiveCfg = Release|x64
		{F9F67E53-EA93-4968-A446-03F6EB0EDD0B}.Release|x64.Build.0 = Release|x64
		{3DF6CD7B-3187-49E9-9EAE-47BCEA80B84C}.Debug|Any CPU.ActiveCfg = Debug|Any CPU
		{3DF6CD7B-3187-49E9-9EAE-47BCEA80B84C}.Debug|Any CPU.Build.0 = Debug|Any CPU
		{3DF6CD7B-3187-49E9-9EAE-47BCEA80B84C}.Debug|x64.ActiveCfg = Debug|x64
		{3DF6CD7B-3187-49E9-9EAE-47BCEA80B84C}.Debug|x64.Build.0 = Debug|x64
		{3DF6CD7B-3187-49E9-9EAE-47BCEA80B84C}.Release|Any CPU.ActiveCfg = Release|Any CPU
		{3DF6CD7B-3187-49E9-9EAE-47BCEA80B84C}.Release|Any CPU.Build.0 = Release|Any CPU
		{3DF6CD7B-3187-49E9-9EAE-47BCEA80B84C}.Release|x64.ActiveCfg = Release|x64
		{3DF6CD7B-3187-49E9-9EAE-47BCEA80B84C}.Release|x64.Build.0 = Release|x64
		{AF5F071A-BACB-401F-AF72-8D08B522CDEE}.Debug|Any CPU.ActiveCfg = Debug|Any CPU
		{AF5F071A-BACB-401F-AF72-8D08B522CDEE}.Debug|Any CPU.Build.0 = Debug|Any CPU
		{AF5F071A-BACB-401F-AF72-8D08B522CDEE}.Debug|x64.ActiveCfg = Debug|x64
		{AF5F071A-BACB-401F-AF72-8D08B522CDEE}.Debug|x64.Build.0 = Debug|x64
		{AF5F071A-BACB-401F-AF72-8D08B522CDEE}.Release|Any CPU.ActiveCfg = Release|Any CPU
		{AF5F071A-BACB-401F-AF72-8D08B522CDEE}.Release|Any CPU.Build.0 = Release|Any CPU
		{AF5F071A-BACB-401F-AF72-8D08B522CDEE}.Release|x64.ActiveCfg = Release|x64
		{AF5F071A-BACB-401F-AF72-8D08B522CDEE}.Release|x64.Build.0 = Release|x64
		{60F4E93E-CF55-484D-AB9C-50FB1D03DD52}.Debug|Any CPU.ActiveCfg = Debug|Any CPU
		{60F4E93E-CF55-484D-AB9C-50FB1D03DD52}.Debug|Any CPU.Build.0 = Debug|Any CPU
		{60F4E93E-CF55-484D-AB9C-50FB1D03DD52}.Debug|x64.ActiveCfg = Debug|x64
		{60F4E93E-CF55-484D-AB9C-50FB1D03DD52}.Debug|x64.Build.0 = Debug|x64
		{60F4E93E-CF55-484D-AB9C-50FB1D03DD52}.Release|Any CPU.ActiveCfg = Release|Any CPU
		{60F4E93E-CF55-484D-AB9C-50FB1D03DD52}.Release|Any CPU.Build.0 = Release|Any CPU
		{60F4E93E-CF55-484D-AB9C-50FB1D03DD52}.Release|x64.ActiveCfg = Release|x64
		{60F4E93E-CF55-484D-AB9C-50FB1D03DD52}.Release|x64.Build.0 = Release|x64
		{89C74189-EE5E-44D5-9FDF-9550AD88A8CF}.Debug|Any CPU.ActiveCfg = Debug|Any CPU
		{89C74189-EE5E-44D5-9FDF-9550AD88A8CF}.Debug|Any CPU.Build.0 = Debug|Any CPU
		{89C74189-EE5E-44D5-9FDF-9550AD88A8CF}.Debug|x64.ActiveCfg = Debug|x64
		{89C74189-EE5E-44D5-9FDF-9550AD88A8CF}.Debug|x64.Build.0 = Debug|x64
		{89C74189-EE5E-44D5-9FDF-9550AD88A8CF}.Release|Any CPU.ActiveCfg = Release|Any CPU
		{89C74189-EE5E-44D5-9FDF-9550AD88A8CF}.Release|Any CPU.Build.0 = Release|Any CPU
		{89C74189-EE5E-44D5-9FDF-9550AD88A8CF}.Release|x64.ActiveCfg = Release|x64
		{89C74189-EE5E-44D5-9FDF-9550AD88A8CF}.Release|x64.Build.0 = Release|x64
		{70461995-4EFB-4F3D-9AE1-C3905BA6A58D}.Debug|Any CPU.ActiveCfg = Debug|Any CPU
		{70461995-4EFB-4F3D-9AE1-C3905BA6A58D}.Debug|Any CPU.Build.0 = Debug|Any CPU
		{70461995-4EFB-4F3D-9AE1-C3905BA6A58D}.Debug|x64.ActiveCfg = Debug|x64
		{70461995-4EFB-4F3D-9AE1-C3905BA6A58D}.Debug|x64.Build.0 = Debug|x64
		{70461995-4EFB-4F3D-9AE1-C3905BA6A58D}.Release|Any CPU.ActiveCfg = Release|Any CPU
		{70461995-4EFB-4F3D-9AE1-C3905BA6A58D}.Release|Any CPU.Build.0 = Release|Any CPU
		{70461995-4EFB-4F3D-9AE1-C3905BA6A58D}.Release|x64.ActiveCfg = Release|x64
		{70461995-4EFB-4F3D-9AE1-C3905BA6A58D}.Release|x64.Build.0 = Release|x64
		{3EB185DB-DE93-42BB-840D-31AAFF979797}.Debug|Any CPU.ActiveCfg = Debug|Any CPU
		{3EB185DB-DE93-42BB-840D-31AAFF979797}.Debug|Any CPU.Build.0 = Debug|Any CPU
		{3EB185DB-DE93-42BB-840D-31AAFF979797}.Debug|x64.ActiveCfg = Debug|x64
		{3EB185DB-DE93-42BB-840D-31AAFF979797}.Debug|x64.Build.0 = Debug|x64
		{3EB185DB-DE93-42BB-840D-31AAFF979797}.Release|Any CPU.ActiveCfg = Release|Any CPU
		{3EB185DB-DE93-42BB-840D-31AAFF979797}.Release|Any CPU.Build.0 = Release|Any CPU
		{3EB185DB-DE93-42BB-840D-31AAFF979797}.Release|x64.ActiveCfg = Release|x64
		{3EB185DB-DE93-42BB-840D-31AAFF979797}.Release|x64.Build.0 = Release|x64
		{285B706D-F27A-4A0D-BA94-0401F7CCEF01}.Debug|Any CPU.ActiveCfg = Debug|Any CPU
		{285B706D-F27A-4A0D-BA94-0401F7CCEF01}.Debug|Any CPU.Build.0 = Debug|Any CPU
		{285B706D-F27A-4A0D-BA94-0401F7CCEF01}.Debug|x64.ActiveCfg = Debug|x64
		{285B706D-F27A-4A0D-BA94-0401F7CCEF01}.Debug|x64.Build.0 = Debug|x64
		{285B706D-F27A-4A0D-BA94-0401F7CCEF01}.Release|Any CPU.ActiveCfg = Release|Any CPU
		{285B706D-F27A-4A0D-BA94-0401F7CCEF01}.Release|Any CPU.Build.0 = Release|Any CPU
		{285B706D-F27A-4A0D-BA94-0401F7CCEF01}.Release|x64.ActiveCfg = Release|x64
		{285B706D-F27A-4A0D-BA94-0401F7CCEF01}.Release|x64.Build.0 = Release|x64
		{FAEB4090-6D2A-4CD4-8343-BD667FB8836C}.Debug|Any CPU.ActiveCfg = Debug|Any CPU
		{FAEB4090-6D2A-4CD4-8343-BD667FB8836C}.Debug|Any CPU.Build.0 = Debug|Any CPU
		{FAEB4090-6D2A-4CD4-8343-BD667FB8836C}.Debug|x64.ActiveCfg = Debug|Any CPU
		{FAEB4090-6D2A-4CD4-8343-BD667FB8836C}.Debug|x64.Build.0 = Debug|Any CPU
		{FAEB4090-6D2A-4CD4-8343-BD667FB8836C}.Release|Any CPU.ActiveCfg = Release|Any CPU
		{FAEB4090-6D2A-4CD4-8343-BD667FB8836C}.Release|Any CPU.Build.0 = Release|Any CPU
		{FAEB4090-6D2A-4CD4-8343-BD667FB8836C}.Release|x64.ActiveCfg = Release|Any CPU
		{FAEB4090-6D2A-4CD4-8343-BD667FB8836C}.Release|x64.Build.0 = Release|Any CPU
		{FC0D135B-63E6-4876-B807-AD185613D898}.Debug|Any CPU.ActiveCfg = Debug|Any CPU
		{FC0D135B-63E6-4876-B807-AD185613D898}.Debug|Any CPU.Build.0 = Debug|Any CPU
		{FC0D135B-63E6-4876-B807-AD185613D898}.Debug|x64.ActiveCfg = Debug|Any CPU
		{FC0D135B-63E6-4876-B807-AD185613D898}.Debug|x64.Build.0 = Debug|Any CPU
		{FC0D135B-63E6-4876-B807-AD185613D898}.Release|Any CPU.ActiveCfg = Release|Any CPU
		{FC0D135B-63E6-4876-B807-AD185613D898}.Release|Any CPU.Build.0 = Release|Any CPU
		{FC0D135B-63E6-4876-B807-AD185613D898}.Release|x64.ActiveCfg = Release|Any CPU
		{FC0D135B-63E6-4876-B807-AD185613D898}.Release|x64.Build.0 = Release|Any CPU
		{DA8719C0-7CF0-484F-B5A6-0B38E2C70072}.Debug|Any CPU.ActiveCfg = Debug|Any CPU
		{DA8719C0-7CF0-484F-B5A6-0B38E2C70072}.Debug|Any CPU.Build.0 = Debug|Any CPU
		{DA8719C0-7CF0-484F-B5A6-0B38E2C70072}.Debug|x64.ActiveCfg = Debug|Any CPU
		{DA8719C0-7CF0-484F-B5A6-0B38E2C70072}.Debug|x64.Build.0 = Debug|Any CPU
		{DA8719C0-7CF0-484F-B5A6-0B38E2C70072}.Release|Any CPU.ActiveCfg = Release|Any CPU
		{DA8719C0-7CF0-484F-B5A6-0B38E2C70072}.Release|Any CPU.Build.0 = Release|Any CPU
		{DA8719C0-7CF0-484F-B5A6-0B38E2C70072}.Release|x64.ActiveCfg = Release|Any CPU
		{DA8719C0-7CF0-484F-B5A6-0B38E2C70072}.Release|x64.Build.0 = Release|Any CPU
		{D1073A28-8C6F-4D00-89B9-F8D5DE789865}.Debug|Any CPU.ActiveCfg = Debug|Any CPU
		{D1073A28-8C6F-4D00-89B9-F8D5DE789865}.Debug|Any CPU.Build.0 = Debug|Any CPU
		{D1073A28-8C6F-4D00-89B9-F8D5DE789865}.Debug|x64.ActiveCfg = Debug|Any CPU
		{D1073A28-8C6F-4D00-89B9-F8D5DE789865}.Debug|x64.Build.0 = Debug|Any CPU
		{D1073A28-8C6F-4D00-89B9-F8D5DE789865}.Release|Any CPU.ActiveCfg = Release|Any CPU
		{D1073A28-8C6F-4D00-89B9-F8D5DE789865}.Release|Any CPU.Build.0 = Release|Any CPU
		{D1073A28-8C6F-4D00-89B9-F8D5DE789865}.Release|x64.ActiveCfg = Release|Any CPU
		{D1073A28-8C6F-4D00-89B9-F8D5DE789865}.Release|x64.Build.0 = Release|Any CPU
		{63EB64A1-25DC-4781-80E0-DA1286F29732}.Debug|Any CPU.ActiveCfg = Debug|Any CPU
		{63EB64A1-25DC-4781-80E0-DA1286F29732}.Debug|Any CPU.Build.0 = Debug|Any CPU
		{63EB64A1-25DC-4781-80E0-DA1286F29732}.Debug|x64.ActiveCfg = Debug|x64
		{63EB64A1-25DC-4781-80E0-DA1286F29732}.Debug|x64.Build.0 = Debug|x64
		{63EB64A1-25DC-4781-80E0-DA1286F29732}.Release|Any CPU.ActiveCfg = Release|Any CPU
		{63EB64A1-25DC-4781-80E0-DA1286F29732}.Release|Any CPU.Build.0 = Release|Any CPU
		{63EB64A1-25DC-4781-80E0-DA1286F29732}.Release|x64.ActiveCfg = Release|x64
		{63EB64A1-25DC-4781-80E0-DA1286F29732}.Release|x64.Build.0 = Release|x64
	EndGlobalSection
	GlobalSection(SolutionProperties) = preSolution
		HideSolutionNode = FALSE
	EndGlobalSection
	GlobalSection(NestedProjects) = preSolution
		{1159FC88-41E4-4F88-BA66-3A045C027DB0} = {037EBF8C-9FC1-4032-832E-F4ED82E13082}
		{F1726255-75E5-4129-A1F0-DDCC73E6E3D1} = {037EBF8C-9FC1-4032-832E-F4ED82E13082}
		{920E4898-5862-4601-9CA4-D98BAA04DBA3} = {037EBF8C-9FC1-4032-832E-F4ED82E13082}
		{39E8EF72-A71F-4A44-ABBA-010D181E5783} = {037EBF8C-9FC1-4032-832E-F4ED82E13082}
		{6F60C0D5-A5AD-4B6E-8974-4544426311B5} = {037EBF8C-9FC1-4032-832E-F4ED82E13082}
		{CF5A2AA0-4D6E-484D-97CF-E90D48A4CA5E} = {037EBF8C-9FC1-4032-832E-F4ED82E13082}
		{2BEC020B-F998-4880-A756-292AAEC81825} = {037EBF8C-9FC1-4032-832E-F4ED82E13082}
		{66AB9A02-40C3-42B4-827F-A617E68FAADB} = {037EBF8C-9FC1-4032-832E-F4ED82E13082}
		{E56AED0A-8411-4BC8-9EBF-060F6AA75703} = {037EBF8C-9FC1-4032-832E-F4ED82E13082}
		{17568CEA-C4B4-42DA-AF89-1A8DD12CB9D5} = {037EBF8C-9FC1-4032-832E-F4ED82E13082}
		{17EF3D2D-E27B-4671-B39C-D23F6151DE31} = {037EBF8C-9FC1-4032-832E-F4ED82E13082}
		{5C82CCAF-6CAD-4DE3-ADE4-DA76081437E0} = {037EBF8C-9FC1-4032-832E-F4ED82E13082}
		{30D8CF9A-7D95-40EC-919C-0707AD6BACB7} = {037EBF8C-9FC1-4032-832E-F4ED82E13082}
		{63FCA8D1-A0BB-447F-A341-A4BBCFCAF713} = {037EBF8C-9FC1-4032-832E-F4ED82E13082}
		{8BE14356-60C6-4AAB-BC0E-96E2D06CB30C} = {55E0203E-0F67-45AF-AAEE-DB49A87C0FBD}
		{15E1860D-7F25-4592-BA35-DC2ED26FA221} = {E65C2EA3-7361-41F4-9309-83E502449CD7}
		{F9F67E53-EA93-4968-A446-03F6EB0EDD0B} = {55E0203E-0F67-45AF-AAEE-DB49A87C0FBD}
		{3DF6CD7B-3187-49E9-9EAE-47BCEA80B84C} = {55E0203E-0F67-45AF-AAEE-DB49A87C0FBD}
		{AF5F071A-BACB-401F-AF72-8D08B522CDEE} = {55E0203E-0F67-45AF-AAEE-DB49A87C0FBD}
		{60F4E93E-CF55-484D-AB9C-50FB1D03DD52} = {55E0203E-0F67-45AF-AAEE-DB49A87C0FBD}
		{89C74189-EE5E-44D5-9FDF-9550AD88A8CF} = {55E0203E-0F67-45AF-AAEE-DB49A87C0FBD}
		{70461995-4EFB-4F3D-9AE1-C3905BA6A58D} = {55E0203E-0F67-45AF-AAEE-DB49A87C0FBD}
		{3EB185DB-DE93-42BB-840D-31AAFF979797} = {55E0203E-0F67-45AF-AAEE-DB49A87C0FBD}
		{285B706D-F27A-4A0D-BA94-0401F7CCEF01} = {55E0203E-0F67-45AF-AAEE-DB49A87C0FBD}
		{FAEB4090-6D2A-4CD4-8343-BD667FB8836C} = {037EBF8C-9FC1-4032-832E-F4ED82E13082}
		{2CEA5067-2CB0-4197-940A-3FF57CC55849} = {55E0203E-0F67-45AF-AAEE-DB49A87C0FBD}
		{FC0D135B-63E6-4876-B807-AD185613D898} = {4A29BB97-3155-447A-B352-7808B96075FE}
		{DA8719C0-7CF0-484F-B5A6-0B38E2C70072} = {B53E81B4-E54F-460D-96FE-4C83AB9C77FE}
		{D1073A28-8C6F-4D00-89B9-F8D5DE789865} = {037EBF8C-9FC1-4032-832E-F4ED82E13082}
		{E65C2EA3-7361-41F4-9309-83E502449CD7} = {55E0203E-0F67-45AF-AAEE-DB49A87C0FBD}
		{B53E81B4-E54F-460D-96FE-4C83AB9C77FE} = {037EBF8C-9FC1-4032-832E-F4ED82E13082}
		{63EB64A1-25DC-4781-80E0-DA1286F29732} = {55E0203E-0F67-45AF-AAEE-DB49A87C0FBD}
	EndGlobalSection
	GlobalSection(ExtensibilityGlobals) = postSolution
		SolutionGuid = {69119819-4D3C-4E24-B854-453C41AA04D3}
	EndGlobalSection
	GlobalSection(SharedMSBuildProjectFiles) = preSolution
		STAGINGSYSTEM_Share\STAGINGSYSTEM_Share.AssemblyInfo\STAGINGSYSTEM_Share.AssemblyInfo\STAGINGSYSTEM_Share.AssemblyInfo.projitems*{1159fc88-41e4-4f88-ba66-3a045c027db0}*SharedItemsImports = 5
		..\AutocadTOYOaddinCommitDNet8\AssemblyInfo\AssemblyInfo.projitems*{17568cea-c4b4-42da-af89-1a8dd12cb9d5}*SharedItemsImports = 5
		..\AutocadTOYOaddinCommitDNet8\AssemblyInfo\AssemblyInfo.projitems*{17ef3d2d-e27b-4671-b39c-d23f6151de31}*SharedItemsImports = 5
		..\SasaLibDNet8\SasaLibDNet8_AssemblyInfo\SasaLibDNet8_AssemblyInfo.projitems*{285b706d-f27a-4a0d-ba94-0401f7ccef01}*SharedItemsImports = 5
		STAGINGSYSTEM_Share\STAGINGSYSTEM_Share.AssemblyInfo\STAGINGSYSTEM_Share.AssemblyInfo\STAGINGSYSTEM_Share.AssemblyInfo.projitems*{2bec020b-f998-4880-a756-292aaec81825}*SharedItemsImports = 4
		..\SasaLibDNet8\SasaLibDNet8_AssemblyInfo\SasaLibDNet8_AssemblyInfo.projitems*{2cea5067-2cb0-4197-940a-3ff57cc55849}*SharedItemsImports = 13
		STAGINGSYSTEM_Share\STAGINGSYSTEM_Share.AssemblyInfo\STAGINGSYSTEM_Share.AssemblyInfo\STAGINGSYSTEM_Share.AssemblyInfo.projitems*{30d8cf9a-7d95-40ec-919c-0707ad6bacb7}*SharedItemsImports = 4
		STAGINGSYSTEM.AssemblyVersion\SasaLibDNet8.AssemblyVersion.projitems*{39e8ef72-a71f-4a44-abba-010d181e5783}*SharedItemsImports = 5
		..\SasaLibDNet8\SasaLibDNet8_AssemblyInfo\SasaLibDNet8_AssemblyInfo.projitems*{3df6cd7b-3187-49e9-9eae-47bcea80b84c}*SharedItemsImports = 5
		..\SasaLibDNet8\SasaLibDNet8_AssemblyInfo\SasaLibDNet8_AssemblyInfo.projitems*{3eb185db-de93-42bb-840d-31aaff979797}*SharedItemsImports = 5
		STAGINGSYSTEM_Share\STAGINGSYSTEM_Share.AssemblyInfo\STAGINGSYSTEM_Share.AssemblyInfo\STAGINGSYSTEM_Share.AssemblyInfo.projitems*{5450b106-83a6-4f83-8650-388a9487f691}*SharedItemsImports = 13
		STAGINGSYSTEM_Share\STAGINGSYSTEM_Share.AssemblyInfo\STAGINGSYSTEM_Share.AssemblyInfo\STAGINGSYSTEM_Share.AssemblyInfo.projitems*{5c82ccaf-6cad-4de3-ade4-da76081437e0}*SharedItemsImports = 4
		..\SasaLibDNet8\SasaLibDNet8_AssemblyInfo\SasaLibDNet8_AssemblyInfo.projitems*{60f4e93e-cf55-484d-ab9c-50fb1d03dd52}*SharedItemsImports = 5
		..\SasaLibDNet8\SasaLibDNet8_AssemblyInfo\SasaLibDNet8_AssemblyInfo.projitems*{63eb64a1-25dc-4781-80e0-da1286f29732}*SharedItemsImports = 5
		STAGINGSYSTEM_Share\STAGINGSYSTEM_Share.AssemblyInfo\STAGINGSYSTEM_Share.AssemblyInfo\STAGINGSYSTEM_Share.AssemblyInfo.projitems*{63fca8d1-a0bb-447f-a341-a4bbcfcaf713}*SharedItemsImports = 4
		STAGINGSYSTEM.AssemblyVersion\SasaLibDNet8.AssemblyVersion.projitems*{66ab9a02-40c3-42b4-827f-a617e68faadb}*SharedItemsImports = 5
		STAGINGSYSTEM_Share\STAGINGSYSTEM_Share.AssemblyInfo\STAGINGSYSTEM_Share.AssemblyInfo\STAGINGSYSTEM_Share.AssemblyInfo.projitems*{6f60c0d5-a5ad-4b6e-8974-4544426311b5}*SharedItemsImports = 4
		..\SasaLibDNet8\SasaLibDNet8_AssemblyInfo\SasaLibDNet8_AssemblyInfo.projitems*{70461995-4efb-4f3d-9ae1-c3905ba6a58d}*SharedItemsImports = 5
		..\SasaLibDNet8\SasaLibDNet8_AssemblyInfo\SasaLibDNet8_AssemblyInfo.projitems*{89c74189-ee5e-44d5-9fdf-9550ad88a8cf}*SharedItemsImports = 5
		..\SasaLibDNet8\SasaLibDNet8_AssemblyInfo\SasaLibDNet8_AssemblyInfo.projitems*{8be14356-60c6-4aab-bc0e-96e2d06cb30c}*SharedItemsImports = 5
		..\AutocadTOYOaddinCommitDNet8\AssemblyInfo\AssemblyInfo.projitems*{920e4898-5862-4601-9ca4-d98baa04dba3}*SharedItemsImports = 5
		..\SasaLibDNet8\SasaLibDNet8_AssemblyInfo\SasaLibDNet8_AssemblyInfo.projitems*{af5f071a-bacb-401f-af72-8d08b522cdee}*SharedItemsImports = 5
		STAGINGSYSTEM_Share\STAGINGSYSTEM_Share.AssemblyInfo\STAGINGSYSTEM_Share.AssemblyInfo\STAGINGSYSTEM_Share.AssemblyInfo.projitems*{cf5a2aa0-4d6e-484d-97cf-e90d48a4ca5e}*SharedItemsImports = 4
		..\TOYOSTAGINGSYSTEM\STAGINGSYSTEM_Share\STAGINGSYSTEM_Share.AssemblyInfo\STAGINGSYSTEM_Share.AssemblyInfo\STAGINGSYSTEM_Share.AssemblyInfo.projitems*{da8719c0-7cf0-484f-b5a6-0b38e2c70072}*SharedItemsImports = 4
		STAGINGSYSTEM.AssemblyVersion\SasaLibDNet8.AssemblyVersion.projitems*{e56aed0a-8411-4bc8-9ebf-060f6aa75703}*SharedItemsImports = 5
		STAGINGSYSTEM.AssemblyVersion\SasaLibDNet8.AssemblyVersion.projitems*{f1726255-75e5-4129-a1f0-ddcc73e6e3d1}*SharedItemsImports = 5
		..\SasaLibDNet8\SasaLibDNet8_AssemblyInfo\SasaLibDNet8_AssemblyInfo.projitems*{f9f67e53-ea93-4968-a446-03f6eb0edd0b}*SharedItemsImports = 5
	EndGlobalSection
EndGlobal
